# This file is automatically @generated by Cargo.
# It is not intended for manual editing.
[[package]]
name = "amcl"
version = "0.2.0"
source = "registry+https://github.com/rust-lang/crates.io-index"
checksum = "ee5cca1ddc8b9dceb55b7f1272a9d1e643d73006f350a20ab4926d24e33f0f0d"

[[package]]
name = "worldcoin-hubble-commander"
version = "0.1.0"
dependencies = [
 "amcl",
]
